
Microsoft Visual Studio Solution File, Format Version 12.00
# Visual Studio Version 17
VisualStudioVersion = 17.7.34202.233
MinimumVisualStudioVersion = 10.0.40219.1
Project("{FAE04EC0-301F-11D3-BF4B-00C04F79EFBC}") = "MovieStreamingService", "MovieStreamingService\MovieStreamingService.csproj", "{FE71FF3C-778F-4C29-848B-054E138AF108}"
EndProject
Project("{2150E333-8FDC-42A3-9474-1A3956D46DE8}") = "Solution Items", "Solution Items", "{2D66E678-3FFB-4B95-A51F-EAB201909E0B}"
	ProjectSection(SolutionItems) = preProject
		.editorconfig = .editorconfig
	EndProjectSection
EndProject
Global
	GlobalSection(SolutionConfigurationPlatforms) = preSolution
		Debug|Any CPU = Debug|Any CPU
		Release|Any CPU = Release|Any CPU
	EndGlobalSection
	GlobalSection(ProjectConfigurationPlatforms) = postSolution
		{FE71FF3C-778F-4C29-848B-054E138AF108}.Debug|Any CPU.ActiveCfg = Debug|Any CPU
		{FE71FF3C-778F-4C29-848B-054E138AF108}.Debug|Any CPU.Build.0 = Debug|Any CPU
		{FE71FF3C-778F-4C29-848B-054E138AF108}.Release|Any CPU.ActiveCfg = Release|Any CPU
		{FE71FF3C-778F-4C29-848B-054E138AF108}.Release|Any CPU.Build.0 = Release|Any CPU
	EndGlobalSection
	GlobalSection(SolutionProperties) = preSolution
		HideSolutionNode = FALSE
	EndGlobalSection
	GlobalSection(ExtensibilityGlobals) = postSolution
		SolutionGuid = {A6199478-460A-4E13-A896-830DE6B7B733}
	EndGlobalSection
EndGlobal
